
Microsoft Visual Studio Solution File, Format Version 12.00
# Visual Studio Version 17
VisualStudioVersion = 17.14.36203.30 d17.14
MinimumVisualStudioVersion = 10.0.40219.1
Project("{FAE04EC0-301F-11D3-BF4B-00C04F79EFBC}") = "Week05Array", "Week05Array\Week05Array.csproj", "{DDD913A0-0F74-41E4-A895-2F85D4B42A31}"
EndProject
Global
	GlobalSection(SolutionConfigurationPlatforms) = preSolution
		Debug|Any CPU = Debug|Any CPU
		Release|Any CPU = Release|Any CPU
	EndGlobalSection
	GlobalSection(ProjectConfigurationPlatforms) = postSolution
		{DDD913A0-0F74-41E4-A895-2F85D4B42A31}.Debug|Any CPU.ActiveCfg = Debug|Any CPU
		{DDD913A0-0F74-41E4-A895-2F85D4B42A31}.Debug|Any CPU.Build.0 = Debug|Any CPU
		{DDD913A0-0F74-41E4-A895-2F85D4B42A31}.Release|Any CPU.ActiveCfg = Release|Any CPU
		{DDD913A0-0F74-41E4-A895-2F85D4B42A31}.Release|Any CPU.Build.0 = Release|Any CPU
	EndGlobalSection
	GlobalSection(SolutionProperties) = preSolution
		HideSolutionNode = FALSE
	EndGlobalSection
	GlobalSection(ExtensibilityGlobals) = postSolution
		SolutionGuid = {17F4E004-2776-4D31-942E-8AB4BD99DB87}
	EndGlobalSection
EndGlobal
